
Microsoft Visual Studio Solution File, Format Version 12.00
# Visual Studio Version 17
VisualStudioVersion = 17.1.32210.238
MinimumVisualStudioVersion = 10.0.40219.1
Project("{FAE04EC0-301F-11D3-BF4B-00C04F79EFBC}") = "mhf_displayer", "mhf_displayer\mhf_displayer.csproj", "{FAC38086-DCEE-4927-8E3A-D32085F1817D}"
EndProject
Global
	GlobalSection(SolutionConfigurationPlatforms) = preSolution
		Debug|Any CPU = Debug|Any CPU
		Release|Any CPU = Release|Any CPU
	EndGlobalSection
	GlobalSection(ProjectConfigurationPlatforms) = postSolution
		{FAC38086-DCEE-4927-8E3A-D32085F1817D}.Debug|Any CPU.ActiveCfg = Debug|Any CPU
		{FAC38086-DCEE-4927-8E3A-D32085F1817D}.Debug|Any CPU.Build.0 = Debug|Any CPU
		{FAC38086-DCEE-4927-8E3A-D32085F1817D}.Release|Any CPU.ActiveCfg = Release|Any CPU
		{FAC38086-DCEE-4927-8E3A-D32085F1817D}.Release|Any CPU.Build.0 = Release|Any CPU
	EndGlobalSection
	GlobalSection(SolutionProperties) = preSolution
		HideSolutionNode = FALSE
	EndGlobalSection
	GlobalSection(ExtensibilityGlobals) = postSolution
		SolutionGuid = {5E31F9BE-BB45-467D-97AD-17F9994F4FCE}
	EndGlobalSection
EndGlobal
